
Microsoft Visual Studio Solution File, Format Version 12.00
# Visual Studio 15
VisualStudioVersion = 15.0.27130.2010
MinimumVisualStudioVersion = 10.0.40219.1
Project("{FAE04EC0-301F-11D3-BF4B-00C04F79EFBC}") = "CallbackYielder", "CallbackYielder\CallbackYielder.csproj", "{A22EFE21-E74D-4E3B-8E2F-D5D35E8C71DF}"
EndProject
Project("{FAE04EC0-301F-11D3-BF4B-00C04F79EFBC}") = "CallbackYielder.UnitTest", "CallbackYielder.UnitTest\CallbackYielder.UnitTest.csproj", "{47EE553A-F01C-4665-A6D9-365EF1F8928F}"
EndProject
Global
	GlobalSection(SolutionConfigurationPlatforms) = preSolution
		Debug|Any CPU = Debug|Any CPU
		Release|Any CPU = Release|Any CPU
	EndGlobalSection
	GlobalSection(ProjectConfigurationPlatforms) = postSolution
		{A22EFE21-E74D-4E3B-8E2F-D5D35E8C71DF}.Debug|Any CPU.ActiveCfg = Debug|Any CPU
		{A22EFE21-E74D-4E3B-8E2F-D5D35E8C71DF}.Debug|Any CPU.Build.0 = Debug|Any CPU
		{A22EFE21-E74D-4E3B-8E2F-D5D35E8C71DF}.Release|Any CPU.ActiveCfg = Release|Any CPU
		{A22EFE21-E74D-4E3B-8E2F-D5D35E8C71DF}.Release|Any CPU.Build.0 = Release|Any CPU
		{47EE553A-F01C-4665-A6D9-365EF1F8928F}.Debug|Any CPU.ActiveCfg = Debug|Any CPU
		{47EE553A-F01C-4665-A6D9-365EF1F8928F}.Debug|Any CPU.Build.0 = Debug|Any CPU
		{47EE553A-F01C-4665-A6D9-365EF1F8928F}.Release|Any CPU.ActiveCfg = Release|Any CPU
		{47EE553A-F01C-4665-A6D9-365EF1F8928F}.Release|Any CPU.Build.0 = Release|Any CPU
	EndGlobalSection
	GlobalSection(SolutionProperties) = preSolution
		HideSolutionNode = FALSE
	EndGlobalSection
	GlobalSection(ExtensibilityGlobals) = postSolution
		SolutionGuid = {D292742B-40AC-48D4-B235-1A82B16C6066}
	EndGlobalSection
EndGlobal
